
Microsoft Visual Studio Solution File, Format Version 12.00
# Visual Studio Version 16
VisualStudioVersion = 16.0.31025.194
MinimumVisualStudioVersion = 10.0.40219.1
Project("{FAE04EC0-301F-11D3-BF4B-00C04F79EFBC}") = "FileExtractor", "FileExtractor\FileExtractor.csproj", "{47FDDB0E-E0D9-4014-94CE-A22B08DCECDD}"
EndProject
Global
	GlobalSection(SolutionConfigurationPlatforms) = preSolution
		Debug|Any CPU = Debug|Any CPU
		Release|Any CPU = Release|Any CPU
	EndGlobalSection
	GlobalSection(ProjectConfigurationPlatforms) = postSolution
		{47FDDB0E-E0D9-4014-94CE-A22B08DCECDD}.Debug|Any CPU.ActiveCfg = Debug|Any CPU
		{47FDDB0E-E0D9-4014-94CE-A22B08DCECDD}.Debug|Any CPU.Build.0 = Debug|Any CPU
		{47FDDB0E-E0D9-4014-94CE-A22B08DCECDD}.Release|Any CPU.ActiveCfg = Release|Any CPU
		{47FDDB0E-E0D9-4014-94CE-A22B08DCECDD}.Release|Any CPU.Build.0 = Release|Any CPU
	EndGlobalSection
	GlobalSection(SolutionProperties) = preSolution
		HideSolutionNode = FALSE
	EndGlobalSection
	GlobalSection(ExtensibilityGlobals) = postSolution
		SolutionGuid = {0312D9F9-62F6-4019-B57D-61B7A2AFBCE9}
	EndGlobalSection
EndGlobal
